
Microsoft Visual Studio Solution File, Format Version 12.00
# Visual Studio Version 17
VisualStudioVersion = 17.2.32414.248
MinimumVisualStudioVersion = 10.0.40219.1
Project("{FAE04EC0-301F-11D3-BF4B-00C04F79EFBC}") = "Generator", "Generator\Generator.csproj", "{AD1DFC47-4BCA-48CA-A646-583911B1C6E6}"
EndProject
Project("{FAE04EC0-301F-11D3-BF4B-00C04F79EFBC}") = "Core", "Core\Core.csproj", "{34BA53DE-273A-4E29-8534-6CC9F822AD62}"
EndProject
Project("{FAE04EC0-301F-11D3-BF4B-00C04F79EFBC}") = "Framework", "Framework\Framework.csproj", "{68F9C186-E13C-4113-99D9-4BFDB912971A}"
EndProject
Project("{FAE04EC0-301F-11D3-BF4B-00C04F79EFBC}") = "Multi", "Multi\Multi.csproj", "{3E0846C8-CC66-46B1-BF8E-F5810F1FAB71}"
EndProject
Project("{FAE04EC0-301F-11D3-BF4B-00C04F79EFBC}") = "UseNuget", "UseNuget\UseNuget.csproj", "{F1030DB4-0DE9-4A1C-8D3D-11F61D006457}"
EndProject
Global
	GlobalSection(SolutionConfigurationPlatforms) = preSolution
		Debug|Any CPU = Debug|Any CPU
		Release|Any CPU = Release|Any CPU
	EndGlobalSection
	GlobalSection(ProjectConfigurationPlatforms) = postSolution
		{AD1DFC47-4BCA-48CA-A646-583911B1C6E6}.Debug|Any CPU.ActiveCfg = Debug|Any CPU
		{AD1DFC47-4BCA-48CA-A646-583911B1C6E6}.Debug|Any CPU.Build.0 = Debug|Any CPU
		{AD1DFC47-4BCA-48CA-A646-583911B1C6E6}.Release|Any CPU.ActiveCfg = Release|Any CPU
		{AD1DFC47-4BCA-48CA-A646-583911B1C6E6}.Release|Any CPU.Build.0 = Release|Any CPU
		{34BA53DE-273A-4E29-8534-6CC9F822AD62}.Debug|Any CPU.ActiveCfg = Debug|Any CPU
		{34BA53DE-273A-4E29-8534-6CC9F822AD62}.Debug|Any CPU.Build.0 = Debug|Any CPU
		{34BA53DE-273A-4E29-8534-6CC9F822AD62}.Release|Any CPU.ActiveCfg = Release|Any CPU
		{34BA53DE-273A-4E29-8534-6CC9F822AD62}.Release|Any CPU.Build.0 = Release|Any CPU
		{68F9C186-E13C-4113-99D9-4BFDB912971A}.Debug|Any CPU.ActiveCfg = Debug|Any CPU
		{68F9C186-E13C-4113-99D9-4BFDB912971A}.Debug|Any CPU.Build.0 = Debug|Any CPU
		{68F9C186-E13C-4113-99D9-4BFDB912971A}.Release|Any CPU.ActiveCfg = Release|Any CPU
		{68F9C186-E13C-4113-99D9-4BFDB912971A}.Release|Any CPU.Build.0 = Release|Any CPU
		{3E0846C8-CC66-46B1-BF8E-F5810F1FAB71}.Debug|Any CPU.ActiveCfg = Debug|Any CPU
		{3E0846C8-CC66-46B1-BF8E-F5810F1FAB71}.Debug|Any CPU.Build.0 = Debug|Any CPU
		{3E0846C8-CC66-46B1-BF8E-F5810F1FAB71}.Release|Any CPU.ActiveCfg = Release|Any CPU
		{3E0846C8-CC66-46B1-BF8E-F5810F1FAB71}.Release|Any CPU.Build.0 = Release|Any CPU
		{F1030DB4-0DE9-4A1C-8D3D-11F61D006457}.Debug|Any CPU.ActiveCfg = Debug|Any CPU
		{F1030DB4-0DE9-4A1C-8D3D-11F61D006457}.Debug|Any CPU.Build.0 = Debug|Any CPU
		{F1030DB4-0DE9-4A1C-8D3D-11F61D006457}.Release|Any CPU.ActiveCfg = Release|Any CPU
		{F1030DB4-0DE9-4A1C-8D3D-11F61D006457}.Release|Any CPU.Build.0 = Release|Any CPU
	EndGlobalSection
	GlobalSection(SolutionProperties) = preSolution
		HideSolutionNode = FALSE
	EndGlobalSection
	GlobalSection(ExtensibilityGlobals) = postSolution
		SolutionGuid = {1A9554EC-ED94-4E63-AA8D-3A18CFBC3C1C}
	EndGlobalSection
EndGlobal
